
Microsoft Visual Studio Solution File, Format Version 12.00
# Visual Studio Version 16
VisualStudioVersion = 16.0.30717.126
MinimumVisualStudioVersion = 10.0.40219.1
Project("{9A19103F-16F7-4668-BE54-9A1E7A4F7556}") = "01_hello", "01_hello\01_hello.csproj", "{A7F46C64-6E50-4977-85AE-C6C54C129F67}"
EndProject
Project("{9A19103F-16F7-4668-BE54-9A1E7A4F7556}") = "Tp_LeJustePrix", "Tp_03_LeJustePrix\Tp_LeJustePrix.csproj", "{DE7BAAB1-608D-4896-A021-C60BDA0FA2A8}"
EndProject
Project("{9A19103F-16F7-4668-BE54-9A1E7A4F7556}") = "Tp_Pendu", "Tp_04_Pendu\Tp_Pendu.csproj", "{BD90BE65-CFD0-46DF-8C52-DEC9D21A0E1B}"
EndProject
Project("{9A19103F-16F7-4668-BE54-9A1E7A4F7556}") = "Tp_Mastermind", "Tp_03_Mastermind\Tp_Mastermind.csproj", "{708ECAC7-69A4-4C94-9EF9-DDA86361C4A7}"
EndProject
Project("{9A19103F-16F7-4668-BE54-9A1E7A4F7556}") = "Tp_Fibonacci", "Tp_03_Fibonacci\Tp_Fibonacci.csproj", "{7CD917F0-C268-4535-A415-6043E130DBB4}"
EndProject
Project("{9A19103F-16F7-4668-BE54-9A1E7A4F7556}") = "02_objet", "02_objet\02_objet.csproj", "{863F316A-B2A3-49E7-B9D2-EBE795AC7677}"
EndProject
Project("{9A19103F-16F7-4668-BE54-9A1E7A4F7556}") = "Tp_Palindrome", "Tp_Palindrome\Tp_Palindrome.csproj", "{6B71B13D-52CE-4CB0-83A0-8872FA0D89BC}"
EndProject
Project("{9A19103F-16F7-4668-BE54-9A1E7A4F7556}") = "Tp_Heritage", "Tp_Heritage\Tp_Heritage.csproj", "{0971F9E5-F13A-43D3-B589-91E0A97364BA}"
EndProject
Project("{9A19103F-16F7-4668-BE54-9A1E7A4F7556}") = "Tp_ProjetBank", "Tp_ProjetBank\Tp_ProjetBank.csproj", "{78C36E48-5FB7-4389-888D-3A5CE559FCAA}"
EndProject
Project("{FAE04EC0-301F-11D3-BF4B-00C04F79EFBC}") = "Tp_ProjetArmello", "Tp_ProjetArmello\Tp_ProjetArmello.csproj", "{4ECF4C54-396B-4FA4-8E34-2E9574F94BA4}"
EndProject
Global
	GlobalSection(SolutionConfigurationPlatforms) = preSolution
		Debug|Any CPU = Debug|Any CPU
		Release|Any CPU = Release|Any CPU
	EndGlobalSection
	GlobalSection(ProjectConfigurationPlatforms) = postSolution
		{A7F46C64-6E50-4977-85AE-C6C54C129F67}.Debug|Any CPU.ActiveCfg = Debug|Any CPU
		{A7F46C64-6E50-4977-85AE-C6C54C129F67}.Debug|Any CPU.Build.0 = Debug|Any CPU
		{A7F46C64-6E50-4977-85AE-C6C54C129F67}.Release|Any CPU.ActiveCfg = Release|Any CPU
		{A7F46C64-6E50-4977-85AE-C6C54C129F67}.Release|Any CPU.Build.0 = Release|Any CPU
		{DE7BAAB1-608D-4896-A021-C60BDA0FA2A8}.Debug|Any CPU.ActiveCfg = Debug|Any CPU
		{DE7BAAB1-608D-4896-A021-C60BDA0FA2A8}.Debug|Any CPU.Build.0 = Debug|Any CPU
		{DE7BAAB1-608D-4896-A021-C60BDA0FA2A8}.Release|Any CPU.ActiveCfg = Release|Any CPU
		{DE7BAAB1-608D-4896-A021-C60BDA0FA2A8}.Release|Any CPU.Build.0 = Release|Any CPU
		{BD90BE65-CFD0-46DF-8C52-DEC9D21A0E1B}.Debug|Any CPU.ActiveCfg = Debug|Any CPU
		{BD90BE65-CFD0-46DF-8C52-DEC9D21A0E1B}.Debug|Any CPU.Build.0 = Debug|Any CPU
		{BD90BE65-CFD0-46DF-8C52-DEC9D21A0E1B}.Release|Any CPU.ActiveCfg = Release|Any CPU
		{BD90BE65-CFD0-46DF-8C52-DEC9D21A0E1B}.Release|Any CPU.Build.0 = Release|Any CPU
		{708ECAC7-69A4-4C94-9EF9-DDA86361C4A7}.Debug|Any CPU.ActiveCfg = Debug|Any CPU
		{708ECAC7-69A4-4C94-9EF9-DDA86361C4A7}.Debug|Any CPU.Build.0 = Debug|Any CPU
		{708ECAC7-69A4-4C94-9EF9-DDA86361C4A7}.Release|Any CPU.ActiveCfg = Release|Any CPU
		{708ECAC7-69A4-4C94-9EF9-DDA86361C4A7}.Release|Any CPU.Build.0 = Release|Any CPU
		{7CD917F0-C268-4535-A415-6043E130DBB4}.Debug|Any CPU.ActiveCfg = Debug|Any CPU
		{7CD917F0-C268-4535-A415-6043E130DBB4}.Debug|Any CPU.Build.0 = Debug|Any CPU
		{7CD917F0-C268-4535-A415-6043E130DBB4}.Release|Any CPU.ActiveCfg = Release|Any CPU
		{7CD917F0-C268-4535-A415-6043E130DBB4}.Release|Any CPU.Build.0 = Release|Any CPU
		{863F316A-B2A3-49E7-B9D2-EBE795AC7677}.Debug|Any CPU.ActiveCfg = Debug|Any CPU
		{863F316A-B2A3-49E7-B9D2-EBE795AC7677}.Debug|Any CPU.Build.0 = Debug|Any CPU
		{863F316A-B2A3-49E7-B9D2-EBE795AC7677}.Release|Any CPU.ActiveCfg = Release|Any CPU
		{863F316A-B2A3-49E7-B9D2-EBE795AC7677}.Release|Any CPU.Build.0 = Release|Any CPU
		{6B71B13D-52CE-4CB0-83A0-8872FA0D89BC}.Debug|Any CPU.ActiveCfg = Debug|Any CPU
		{6B71B13D-52CE-4CB0-83A0-8872FA0D89BC}.Debug|Any CPU.Build.0 = Debug|Any CPU
		{6B71B13D-52CE-4CB0-83A0-8872FA0D89BC}.Release|Any CPU.ActiveCfg = Release|Any CPU
		{6B71B13D-52CE-4CB0-83A0-8872FA0D89BC}.Release|Any CPU.Build.0 = Release|Any CPU
		{0971F9E5-F13A-43D3-B589-91E0A97364BA}.Debug|Any CPU.ActiveCfg = Debug|Any CPU
		{0971F9E5-F13A-43D3-B589-91E0A97364BA}.Debug|Any CPU.Build.0 = Debug|Any CPU
		{0971F9E5-F13A-43D3-B589-91E0A97364BA}.Release|Any CPU.ActiveCfg = Release|Any CPU
		{0971F9E5-F13A-43D3-B589-91E0A97364BA}.Release|Any CPU.Build.0 = Release|Any CPU
		{78C36E48-5FB7-4389-888D-3A5CE559FCAA}.Debug|Any CPU.ActiveCfg = Debug|Any CPU
		{78C36E48-5FB7-4389-888D-3A5CE559FCAA}.Debug|Any CPU.Build.0 = Debug|Any CPU
		{78C36E48-5FB7-4389-888D-3A5CE559FCAA}.Release|Any CPU.ActiveCfg = Release|Any CPU
		{78C36E48-5FB7-4389-888D-3A5CE559FCAA}.Release|Any CPU.Build.0 = Release|Any CPU
		{4ECF4C54-396B-4FA4-8E34-2E9574F94BA4}.Debug|Any CPU.ActiveCfg = Debug|Any CPU
		{4ECF4C54-396B-4FA4-8E34-2E9574F94BA4}.Debug|Any CPU.Build.0 = Debug|Any CPU
		{4ECF4C54-396B-4FA4-8E34-2E9574F94BA4}.Release|Any CPU.ActiveCfg = Release|Any CPU
		{4ECF4C54-396B-4FA4-8E34-2E9574F94BA4}.Release|Any CPU.Build.0 = Release|Any CPU
	EndGlobalSection
	GlobalSection(SolutionProperties) = preSolution
		HideSolutionNode = FALSE
	EndGlobalSection
	GlobalSection(ExtensibilityGlobals) = postSolution
		SolutionGuid = {F415BB23-B71D-47A9-BE72-DC04808BAF8F}
	EndGlobalSection
EndGlobal
